
Microsoft Visual Studio Solution File, Format Version 11.00
# Visual Studio 2010
Project("{FAE04EC0-301F-11D3-BF4B-00C04F79EFBC}") = "Project Shode", "Project Shode\Project Shode.csproj", "{C1C97AE4-DB2C-4BD4-A51E-654410994FCD}"
EndProject
Global
	GlobalSection(SolutionConfigurationPlatforms) = preSolution
		Debug|Any CPU = Debug|Any CPU
		Release|Any CPU = Release|Any CPU
	EndGlobalSection
	GlobalSection(ProjectConfigurationPlatforms) = postSolution
		{C1C97AE4-DB2C-4BD4-A51E-654410994FCD}.Debug|Any CPU.ActiveCfg = Debug|Any CPU
		{C1C97AE4-DB2C-4BD4-A51E-654410994FCD}.Debug|Any CPU.Build.0 = Debug|Any CPU
		{C1C97AE4-DB2C-4BD4-A51E-654410994FCD}.Release|Any CPU.ActiveCfg = Release|Any CPU
		{C1C97AE4-DB2C-4BD4-A51E-654410994FCD}.Release|Any CPU.Build.0 = Release|Any CPU
	EndGlobalSection
	GlobalSection(SolutionProperties) = preSolution
		HideSolutionNode = FALSE
	EndGlobalSection
EndGlobal
