
Microsoft Visual Studio Solution File, Format Version 11.00
# Visual Studio 2010
Project("{FAE04EC0-301F-11D3-BF4B-00C04F79EFBC}") = "ProjectShode", "ProjectShode\ProjectShode.csproj", "{E7CF586A-25F4-4D5D-8601-883CDAC905F1}"
EndProject
Project("{FAE04EC0-301F-11D3-BF4B-00C04F79EFBC}") = "ShodeLibrary", "ShodeLibrary\ShodeLibrary.csproj", "{3F8CCE22-81E7-4BEA-9431-78A2AA2CA27E}"
EndProject
Global
	GlobalSection(SolutionConfigurationPlatforms) = preSolution
		Debug|Any CPU = Debug|Any CPU
		Release|Any CPU = Release|Any CPU
	EndGlobalSection
	GlobalSection(ProjectConfigurationPlatforms) = postSolution
		{E7CF586A-25F4-4D5D-8601-883CDAC905F1}.Debug|Any CPU.ActiveCfg = Debug|Any CPU
		{E7CF586A-25F4-4D5D-8601-883CDAC905F1}.Debug|Any CPU.Build.0 = Debug|Any CPU
		{E7CF586A-25F4-4D5D-8601-883CDAC905F1}.Release|Any CPU.ActiveCfg = Release|Any CPU
		{E7CF586A-25F4-4D5D-8601-883CDAC905F1}.Release|Any CPU.Build.0 = Release|Any CPU
		{3F8CCE22-81E7-4BEA-9431-78A2AA2CA27E}.Debug|Any CPU.ActiveCfg = Debug|Any CPU
		{3F8CCE22-81E7-4BEA-9431-78A2AA2CA27E}.Debug|Any CPU.Build.0 = Debug|Any CPU
		{3F8CCE22-81E7-4BEA-9431-78A2AA2CA27E}.Release|Any CPU.ActiveCfg = Release|Any CPU
		{3F8CCE22-81E7-4BEA-9431-78A2AA2CA27E}.Release|Any CPU.Build.0 = Release|Any CPU
	EndGlobalSection
	GlobalSection(SolutionProperties) = preSolution
		HideSolutionNode = FALSE
	EndGlobalSection
EndGlobal
